Microsoft Visual Studio Solution File, Format Version 12.00
# Visual Studio 15
VisualStudioVersion = 15.0.27004.2009
MinimumVisualStudioVersion = 10.0.40219.1
Project("{9A19103F-16F7-4668-BE54-9A1E7A4F7556}") = "LagoVista.DeviceManager.Core", "src\LagoVista.DeviceManager.Core\LagoVista.DeviceManager.Core.csproj", "{13BC3985-C830-4176-A1BB-E3253E503B45}"
EndProject
Project("{FAE04EC0-301F-11D3-BF4B-00C04F79EFBC}") = "LagoVista.DeviceManager.UWP", "src\LagoVista.DeviceManager.UWP\LagoVista.DeviceManager.UWP.csproj", "{A96D4F0F-25D9-4BC8-9EA4-D786D7DF854F}"
EndProject
Project("{9A19103F-16F7-4668-BE54-9A1E7A4F7556}") = "LagoVista.DeviceManager", "src\LagoVista.DeviceManager\LagoVista.DeviceManager.csproj", "{B42060CA-45D6-4524-BEEB-C08267FF0154}"
EndProject
Project("{FAE04EC0-301F-11D3-BF4B-00C04F79EFBC}") = "LagoVista.DeviceManager.iOS", "src\LagoVista.DeviceManager.iOS\LagoVista.DeviceManager.iOS.csproj", "{43EFDC19-773F-49DC-BE4D-EC4069EC0C3C}"
EndProject
Project("{FAE04EC0-301F-11D3-BF4B-00C04F79EFBC}") = "LagoVista.DeviceManager.Droid", "src\LagoVista.DeviceManager.Droid\LagoVista.DeviceManager.Droid.csproj", "{E90DEDAC-C212-4872-9A2E-7A57C8701940}"
EndProject
Project("{2150E333-8FDC-42A3-9474-1A3956D46DE8}") = "Solution Items", "Solution Items", "{BD7E03CA-451C-41DF-9BF0-C7992A3A13F6}"
	ProjectSection(SolutionItems) = preProject
		appcenter-post-clone.ps1 = appcenter-post-clone.ps1
		appcenter-post-clone.sh = appcenter-post-clone.sh
	EndProjectSection
EndProject
Global
	GlobalSection(SolutionConfigurationPlatforms) = preSolution
		Ad-Hoc|Any CPU = Ad-Hoc|Any CPU
		Ad-Hoc|ARM = Ad-Hoc|ARM
		Ad-Hoc|iPhone = Ad-Hoc|iPhone
		Ad-Hoc|iPhoneSimulator = Ad-Hoc|iPhoneSimulator
		Ad-Hoc|x64 = Ad-Hoc|x64
		Ad-Hoc|x86 = Ad-Hoc|x86
		AppStore|Any CPU = AppStore|Any CPU
		AppStore|ARM = AppStore|ARM
		AppStore|iPhone = AppStore|iPhone
		AppStore|iPhoneSimulator = AppStore|iPhoneSimulator
		AppStore|x64 = AppStore|x64
		AppStore|x86 = AppStore|x86
		Debug|Any CPU = Debug|Any CPU
		Debug|ARM = Debug|ARM
		Debug|iPhone = Debug|iPhone
		Debug|iPhoneSimulator = Debug|iPhoneSimulator
		Debug|x64 = Debug|x64
		Debug|x86 = Debug|x86
		iOS Build|Any CPU = iOS Build|Any CPU
		iOS Build|ARM = iOS Build|ARM
		iOS Build|iPhone = iOS Build|iPhone
		iOS Build|iPhoneSimulator = iOS Build|iPhoneSimulator
		iOS Build|x64 = iOS Build|x64
		iOS Build|x86 = iOS Build|x86
		Release|Any CPU = Release|Any CPU
		Release|ARM = Release|ARM
		Release|iPhone = Release|iPhone
		Release|iPhoneSimulator = Release|iPhoneSimulator
		Release|x64 = Release|x64
		Release|x86 = Release|x86
	EndGlobalSection
	GlobalSection(ProjectConfigurationPlatforms) = postSolution
		{13BC3985-C830-4176-A1BB-E3253E503B45}.Ad-Hoc|Any CPU.ActiveCfg = Debug|Any CPU
		{13BC3985-C830-4176-A1BB-E3253E503B45}.Ad-Hoc|Any CPU.Build.0 = Debug|Any CPU
		{13BC3985-C830-4176-A1BB-E3253E503B45}.Ad-Hoc|ARM.ActiveCfg = Debug|Any CPU
		{13BC3985-C830-4176-A1BB-E3253E503B45}.Ad-Hoc|ARM.Build.0 = Debug|Any CPU
		{13BC3985-C830-4176-A1BB-E3253E503B45}.Ad-Hoc|iPhone.ActiveCfg = Debug|Any CPU
		{13BC3985-C830-4176-A1BB-E3253E503B45}.Ad-Hoc|iPhone.Build.0 = Debug|Any CPU
		{13BC3985-C830-4176-A1BB-E3253E503B45}.Ad-Hoc|iPhoneSimulator.ActiveCfg = Debug|Any CPU
		{13BC3985-C830-4176-A1BB-E3253E503B45}.Ad-Hoc|iPhoneSimulator.Build.0 = Debug|Any CPU
		{13BC3985-C830-4176-A1BB-E3253E503B45}.Ad-Hoc|x64.ActiveCfg = Debug|Any CPU
		{13BC3985-C830-4176-A1BB-E3253E503B45}.Ad-Hoc|x64.Build.0 = Debug|Any CPU
		{13BC3985-C830-4176-A1BB-E3253E503B45}.Ad-Hoc|x86.ActiveCfg = Debug|Any CPU
		{13BC3985-C830-4176-A1BB-E3253E503B45}.Ad-Hoc|x86.Build.0 = Debug|Any CPU
		{13BC3985-C830-4176-A1BB-E3253E503B45}.AppStore|Any CPU.ActiveCfg = Debug|Any CPU
		{13BC3985-C830-4176-A1BB-E3253E503B45}.AppStore|Any CPU.Build.0 = Debug|Any CPU
		{13BC3985-C830-4176-A1BB-E3253E503B45}.AppStore|ARM.ActiveCfg = Debug|Any CPU
		{13BC3985-C830-4176-A1BB-E3253E503B45}.AppStore|ARM.Build.0 = Debug|Any CPU
		{13BC3985-C830-4176-A1BB-E3253E503B45}.AppStore|iPhone.ActiveCfg = Debug|Any CPU
		{13BC3985-C830-4176-A1BB-E3253E503B45}.AppStore|iPhone.Build.0 = Debug|Any CPU
		{13BC3985-C830-4176-A1BB-E3253E503B45}.AppStore|iPhoneSimulator.ActiveCfg = Debug|Any CPU
		{13BC3985-C830-4176-A1BB-E3253E503B45}.AppStore|iPhoneSimulator.Build.0 = Debug|Any CPU
		{13BC3985-C830-4176-A1BB-E3253E503B45}.AppStore|x64.ActiveCfg = Debug|Any CPU
		{13BC3985-C830-4176-A1BB-E3253E503B45}.AppStore|x64.Build.0 = Debug|Any CPU
		{13BC3985-C830-4176-A1BB-E3253E503B45}.AppStore|x86.ActiveCfg = Debug|Any CPU
		{13BC3985-C830-4176-A1BB-E3253E503B45}.AppStore|x86.Build.0 = Debug|Any CPU
		{13BC3985-C830-4176-A1BB-E3253E503B45}.Debug|Any CPU.ActiveCfg = Debug|Any CPU
		{13BC3985-C830-4176-A1BB-E3253E503B45}.Debug|Any CPU.Build.0 = Debug|Any CPU
		{13BC3985-C830-4176-A1BB-E3253E503B45}.Debug|ARM.ActiveCfg = Debug|Any CPU
		{13BC3985-C830-4176-A1BB-E3253E503B45}.Debug|ARM.Build.0 = Debug|Any CPU
		{13BC3985-C830-4176-A1BB-E3253E503B45}.Debug|iPhone.ActiveCfg = Debug|Any CPU
		{13BC3985-C830-4176-A1BB-E3253E503B45}.Debug|iPhone.Build.0 = Debug|Any CPU
		{13BC3985-C830-4176-A1BB-E3253E503B45}.Debug|iPhoneSimulator.ActiveCfg = Debug|Any CPU
		{13BC3985-C830-4176-A1BB-E3253E503B45}.Debug|iPhoneSimulator.Build.0 = Debug|Any CPU
		{13BC3985-C830-4176-A1BB-E3253E503B45}.Debug|x64.ActiveCfg = Debug|Any CPU
		{13BC3985-C830-4176-A1BB-E3253E503B45}.Debug|x64.Build.0 = Debug|Any CPU
		{13BC3985-C830-4176-A1BB-E3253E503B45}.Debug|x86.ActiveCfg = Debug|Any CPU
		{13BC3985-C830-4176-A1BB-E3253E503B45}.Debug|x86.Build.0 = Debug|Any CPU
		{13BC3985-C830-4176-A1BB-E3253E503B45}.iOS Build|Any CPU.ActiveCfg = Debug|Any CPU
		{13BC3985-C830-4176-A1BB-E3253E503B45}.iOS Build|Any CPU.Build.0 = Debug|Any CPU
		{13BC3985-C830-4176-A1BB-E3253E503B45}.iOS Build|ARM.ActiveCfg = Debug|Any CPU
		{13BC3985-C830-4176-A1BB-E3253E503B45}.iOS Build|ARM.Build.0 = Debug|Any CPU
		{13BC3985-C830-4176-A1BB-E3253E503B45}.iOS Build|iPhone.ActiveCfg = Debug|Any CPU
		{13BC3985-C830-4176-A1BB-E3253E503B45}.iOS Build|iPhone.Build.0 = Debug|Any CPU
		{13BC3985-C830-4176-A1BB-E3253E503B45}.iOS Build|iPhoneSimulator.ActiveCfg = Debug|Any CPU
		{13BC3985-C830-4176-A1BB-E3253E503B45}.iOS Build|iPhoneSimulator.Build.0 = Debug|Any CPU
		{13BC3985-C830-4176-A1BB-E3253E503B45}.iOS Build|x64.ActiveCfg = Debug|Any CPU
		{13BC3985-C830-4176-A1BB-E3253E503B45}.iOS Build|x64.Build.0 = Debug|Any CPU
		{13BC3985-C830-4176-A1BB-E3253E503B45}.iOS Build|x86.ActiveCfg = Debug|Any CPU
		{13BC3985-C830-4176-A1BB-E3253E503B45}.iOS Build|x86.Build.0 = Debug|Any CPU
		{13BC3985-C830-4176-A1BB-E3253E503B45}.Release|Any CPU.ActiveCfg = Release|Any CPU
		{13BC3985-C830-4176-A1BB-E3253E503B45}.Release|Any CPU.Build.0 = Release|Any CPU
		{13BC3985-C830-4176-A1BB-E3253E503B45}.Release|ARM.ActiveCfg = Release|Any CPU
		{13BC3985-C830-4176-A1BB-E3253E503B45}.Release|ARM.Build.0 = Release|Any CPU
		{13BC3985-C830-4176-A1BB-E3253E503B45}.Release|iPhone.ActiveCfg = Release|Any CPU
		{13BC3985-C830-4176-A1BB-E3253E503B45}.Release|iPhone.Build.0 = Release|Any CPU
		{13BC3985-C830-4176-A1BB-E3253E503B45}.Release|iPhoneSimulator.ActiveCfg = Release|Any CPU
		{13BC3985-C830-4176-A1BB-E3253E503B45}.Release|iPhoneSimulator.Build.0 = Release|Any CPU
		{13BC3985-C830-4176-A1BB-E3253E503B45}.Release|x64.ActiveCfg = Release|Any CPU
		{13BC3985-C830-4176-A1BB-E3253E503B45}.Release|x64.Build.0 = Release|Any CPU
		{13BC3985-C830-4176-A1BB-E3253E503B45}.Release|x86.ActiveCfg = Release|Any CPU
		{13BC3985-C830-4176-A1BB-E3253E503B45}.Release|x86.Build.0 = Release|Any CPU
		{A96D4F0F-25D9-4BC8-9EA4-D786D7DF854F}.Ad-Hoc|Any CPU.ActiveCfg = Release|x86
		{A96D4F0F-25D9-4BC8-9EA4-D786D7DF854F}.Ad-Hoc|Any CPU.Build.0 = Release|x86
		{A96D4F0F-25D9-4BC8-9EA4-D786D7DF854F}.Ad-Hoc|Any CPU.Deploy.0 = Release|x86
		{A96D4F0F-25D9-4BC8-9EA4-D786D7DF854F}.Ad-Hoc|ARM.ActiveCfg = Release|ARM
		{A96D4F0F-25D9-4BC8-9EA4-D786D7DF854F}.Ad-Hoc|ARM.Build.0 = Release|ARM
		{A96D4F0F-25D9-4BC8-9EA4-D786D7DF854F}.Ad-Hoc|ARM.Deploy.0 = Release|ARM
		{A96D4F0F-25D9-4BC8-9EA4-D786D7DF854F}.Ad-Hoc|iPhone.ActiveCfg = Release|x86
		{A96D4F0F-25D9-4BC8-9EA4-D786D7DF854F}.Ad-Hoc|iPhone.Build.0 = Release|x86
		{A96D4F0F-25D9-4BC8-9EA4-D786D7DF854F}.Ad-Hoc|iPhone.Deploy.0 = Release|x86
		{A96D4F0F-25D9-4BC8-9EA4-D786D7DF854F}.Ad-Hoc|iPhoneSimulator.ActiveCfg = Release|x86
		{A96D4F0F-25D9-4BC8-9EA4-D786D7DF854F}.Ad-Hoc|iPhoneSimulator.Build.0 = Release|x86
		{A96D4F0F-25D9-4BC8-9EA4-D786D7DF854F}.Ad-Hoc|iPhoneSimulator.Deploy.0 = Release|x86
		{A96D4F0F-25D9-4BC8-9EA4-D786D7DF854F}.Ad-Hoc|x64.ActiveCfg = Release|x64
		{A96D4F0F-25D9-4BC8-9EA4-D786D7DF854F}.Ad-Hoc|x64.Build.0 = Release|x64
		{A96D4F0F-25D9-4BC8-9EA4-D786D7DF854F}.Ad-Hoc|x64.Deploy.0 = Release|x64
		{A96D4F0F-25D9-4BC8-9EA4-D786D7DF854F}.Ad-Hoc|x86.ActiveCfg = Release|x86
		{A96D4F0F-25D9-4BC8-9EA4-D786D7DF854F}.Ad-Hoc|x86.Build.0 = Release|x86
		{A96D4F0F-25D9-4BC8-9EA4-D786D7DF854F}.Ad-Hoc|x86.Deploy.0 = Release|x86
		{A96D4F0F-25D9-4BC8-9EA4-D786D7DF854F}.AppStore|Any CPU.ActiveCfg = Release|x86
		{A96D4F0F-25D9-4BC8-9EA4-D786D7DF854F}.AppStore|Any CPU.Build.0 = Release|x86
		{A96D4F0F-25D9-4BC8-9EA4-D786D7DF854F}.AppStore|Any CPU.Deploy.0 = Release|x86
		{A96D4F0F-25D9-4BC8-9EA4-D786D7DF854F}.AppStore|ARM.ActiveCfg = Release|ARM
		{A96D4F0F-25D9-4BC8-9EA4-D786D7DF854F}.AppStore|ARM.Build.0 = Release|ARM
		{A96D4F0F-25D9-4BC8-9EA4-D786D7DF854F}.AppStore|ARM.Deploy.0 = Release|ARM
		{A96D4F0F-25D9-4BC8-9EA4-D786D7DF854F}.AppStore|iPhone.ActiveCfg = Release|x86
		{A96D4F0F-25D9-4BC8-9EA4-D786D7DF854F}.AppStore|iPhone.Build.0 = Release|x86
		{A96D4F0F-25D9-4BC8-9EA4-D786D7DF854F}.AppStore|iPhone.Deploy.0 = Release|x86
		{A96D4F0F-25D9-4BC8-9EA4-D786D7DF854F}.AppStore|iPhoneSimulator.ActiveCfg = Release|x86
		{A96D4F0F-25D9-4BC8-9EA4-D786D7DF854F}.AppStore|iPhoneSimulator.Build.0 = Release|x86
		{A96D4F0F-25D9-4BC8-9EA4-D786D7DF854F}.AppStore|iPhoneSimulator.Deploy.0 = Release|x86
		{A96D4F0F-25D9-4BC8-9EA4-D786D7DF854F}.AppStore|x64.ActiveCfg = Release|x64
		{A96D4F0F-25D9-4BC8-9EA4-D786D7DF854F}.AppStore|x64.Build.0 = Release|x64
		{A96D4F0F-25D9-4BC8-9EA4-D786D7DF854F}.AppStore|x64.Deploy.0 = Release|x64
		{A96D4F0F-25D9-4BC8-9EA4-D786D7DF854F}.AppStore|x86.ActiveCfg = Release|x86
		{A96D4F0F-25D9-4BC8-9EA4-D786D7DF854F}.AppStore|x86.Build.0 = Release|x86
		{A96D4F0F-25D9-4BC8-9EA4-D786D7DF854F}.AppStore|x86.Deploy.0 = Release|x86
		{A96D4F0F-25D9-4BC8-9EA4-D786D7DF854F}.Debug|Any CPU.ActiveCfg = Debug|x86
		{A96D4F0F-25D9-4BC8-9EA4-D786D7DF854F}.Debug|ARM.ActiveCfg = Debug|ARM
		{A96D4F0F-25D9-4BC8-9EA4-D786D7DF854F}.Debug|ARM.Build.0 = Debug|ARM
		{A96D4F0F-25D9-4BC8-9EA4-D786D7DF854F}.Debug|ARM.Deploy.0 = Debug|ARM
		{A96D4F0F-25D9-4BC8-9EA4-D786D7DF854F}.Debug|iPhone.ActiveCfg = Debug|x86
		{A96D4F0F-25D9-4BC8-9EA4-D786D7DF854F}.Debug|iPhoneSimulator.ActiveCfg = Debug|x86
		{A96D4F0F-25D9-4BC8-9EA4-D786D7DF854F}.Debug|x64.ActiveCfg = Debug|x64
		{A96D4F0F-25D9-4BC8-9EA4-D786D7DF854F}.Debug|x64.Build.0 = Debug|x64
		{A96D4F0F-25D9-4BC8-9EA4-D786D7DF854F}.Debug|x64.Deploy.0 = Debug|x64
		{A96D4F0F-25D9-4BC8-9EA4-D786D7DF854F}.Debug|x86.ActiveCfg = Debug|x86
		{A96D4F0F-25D9-4BC8-9EA4-D786D7DF854F}.Debug|x86.Build.0 = Debug|x86
		{A96D4F0F-25D9-4BC8-9EA4-D786D7DF854F}.Debug|x86.Deploy.0 = Debug|x86
		{A96D4F0F-25D9-4BC8-9EA4-D786D7DF854F}.iOS Build|Any CPU.ActiveCfg = Release|x86
		{A96D4F0F-25D9-4BC8-9EA4-D786D7DF854F}.iOS Build|Any CPU.Build.0 = Release|x86
		{A96D4F0F-25D9-4BC8-9EA4-D786D7DF854F}.iOS Build|Any CPU.Deploy.0 = Release|x86
		{A96D4F0F-25D9-4BC8-9EA4-D786D7DF854F}.iOS Build|ARM.ActiveCfg = Release|ARM
		{A96D4F0F-25D9-4BC8-9EA4-D786D7DF854F}.iOS Build|ARM.Build.0 = Release|ARM
		{A96D4F0F-25D9-4BC8-9EA4-D786D7DF854F}.iOS Build|ARM.Deploy.0 = Release|ARM
		{A96D4F0F-25D9-4BC8-9EA4-D786D7DF854F}.iOS Build|iPhone.ActiveCfg = Release|x86
		{A96D4F0F-25D9-4BC8-9EA4-D786D7DF854F}.iOS Build|iPhone.Build.0 = Release|x86
		{A96D4F0F-25D9-4BC8-9EA4-D786D7DF854F}.iOS Build|iPhone.Deploy.0 = Release|x86
		{A96D4F0F-25D9-4BC8-9EA4-D786D7DF854F}.iOS Build|iPhoneSimulator.ActiveCfg = Release|x86
		{A96D4F0F-25D9-4BC8-9EA4-D786D7DF854F}.iOS Build|iPhoneSimulator.Build.0 = Release|x86
		{A96D4F0F-25D9-4BC8-9EA4-D786D7DF854F}.iOS Build|iPhoneSimulator.Deploy.0 = Release|x86
		{A96D4F0F-25D9-4BC8-9EA4-D786D7DF854F}.iOS Build|x64.ActiveCfg = Release|x64
		{A96D4F0F-25D9-4BC8-9EA4-D786D7DF854F}.iOS Build|x64.Build.0 = Release|x64
		{A96D4F0F-25D9-4BC8-9EA4-D786D7DF854F}.iOS Build|x64.Deploy.0 = Release|x64
		{A96D4F0F-25D9-4BC8-9EA4-D786D7DF854F}.iOS Build|x86.ActiveCfg = Release|x86
		{A96D4F0F-25D9-4BC8-9EA4-D786D7DF854F}.iOS Build|x86.Build.0 = Release|x86
		{A96D4F0F-25D9-4BC8-9EA4-D786D7DF854F}.iOS Build|x86.Deploy.0 = Release|x86
		{A96D4F0F-25D9-4BC8-9EA4-D786D7DF854F}.Release|Any CPU.ActiveCfg = Release|x86
		{A96D4F0F-25D9-4BC8-9EA4-D786D7DF854F}.Release|ARM.ActiveCfg = Release|ARM
		{A96D4F0F-25D9-4BC8-9EA4-D786D7DF854F}.Release|ARM.Build.0 = Release|ARM
		{A96D4F0F-25D9-4BC8-9EA4-D786D7DF854F}.Release|ARM.Deploy.0 = Release|ARM
		{A96D4F0F-25D9-4BC8-9EA4-D786D7DF854F}.Release|iPhone.ActiveCfg = Release|x86
		{A96D4F0F-25D9-4BC8-9EA4-D786D7DF854F}.Release|iPhoneSimulator.ActiveCfg = Release|x86
		{A96D4F0F-25D9-4BC8-9EA4-D786D7DF854F}.Release|x64.ActiveCfg = Release|x64
		{A96D4F0F-25D9-4BC8-9EA4-D786D7DF854F}.Release|x64.Build.0 = Release|x64
		{A96D4F0F-25D9-4BC8-9EA4-D786D7DF854F}.Release|x64.Deploy.0 = Release|x64
		{A96D4F0F-25D9-4BC8-9EA4-D786D7DF854F}.Release|x86.ActiveCfg = Release|x86
		{A96D4F0F-25D9-4BC8-9EA4-D786D7DF854F}.Release|x86.Build.0 = Release|x86
		{A96D4F0F-25D9-4BC8-9EA4-D786D7DF854F}.Release|x86.Deploy.0 = Release|x86
		{B42060CA-45D6-4524-BEEB-C08267FF0154}.Ad-Hoc|Any CPU.ActiveCfg = Debug|Any CPU
		{B42060CA-45D6-4524-BEEB-C08267FF0154}.Ad-Hoc|Any CPU.Build.0 = Debug|Any CPU
		{B42060CA-45D6-4524-BEEB-C08267FF0154}.Ad-Hoc|ARM.ActiveCfg = Debug|Any CPU
		{B42060CA-45D6-4524-BEEB-C08267FF0154}.Ad-Hoc|ARM.Build.0 = Debug|Any CPU
		{B42060CA-45D6-4524-BEEB-C08267FF0154}.Ad-Hoc|iPhone.ActiveCfg = Debug|Any CPU
		{B42060CA-45D6-4524-BEEB-C08267FF0154}.Ad-Hoc|iPhone.Build.0 = Debug|Any CPU
		{B42060CA-45D6-4524-BEEB-C08267FF0154}.Ad-Hoc|iPhoneSimulator.ActiveCfg = Debug|Any CPU
		{B42060CA-45D6-4524-BEEB-C08267FF0154}.Ad-Hoc|iPhoneSimulator.Build.0 = Debug|Any CPU
		{B42060CA-45D6-4524-BEEB-C08267FF0154}.Ad-Hoc|x64.ActiveCfg = Debug|Any CPU
		{B42060CA-45D6-4524-BEEB-C08267FF0154}.Ad-Hoc|x64.Build.0 = Debug|Any CPU
		{B42060CA-45D6-4524-BEEB-C08267FF0154}.Ad-Hoc|x86.ActiveCfg = Debug|Any CPU
		{B42060CA-45D6-4524-BEEB-C08267FF0154}.Ad-Hoc|x86.Build.0 = Debug|Any CPU
		{B42060CA-45D6-4524-BEEB-C08267FF0154}.AppStore|Any CPU.ActiveCfg = Debug|Any CPU
		{B42060CA-45D6-4524-BEEB-C08267FF0154}.AppStore|Any CPU.Build.0 = Debug|Any CPU
		{B42060CA-45D6-4524-BEEB-C08267FF0154}.AppStore|ARM.ActiveCfg = Debug|Any CPU
		{B42060CA-45D6-4524-BEEB-C08267FF0154}.AppStore|ARM.Build.0 = Debug|Any CPU
		{B42060CA-45D6-4524-BEEB-C08267FF0154}.AppStore|iPhone.ActiveCfg = Debug|Any CPU
		{B42060CA-45D6-4524-BEEB-C08267FF0154}.AppStore|iPhone.Build.0 = Debug|Any CPU
		{B42060CA-45D6-4524-BEEB-C08267FF0154}.AppStore|iPhoneSimulator.ActiveCfg = Debug|Any CPU
		{B42060CA-45D6-4524-BEEB-C08267FF0154}.AppStore|iPhoneSimulator.Build.0 = Debug|Any CPU
		{B42060CA-45D6-4524-BEEB-C08267FF0154}.AppStore|x64.ActiveCfg = Debug|Any CPU
		{B42060CA-45D6-4524-BEEB-C08267FF0154}.AppStore|x64.Build.0 = Debug|Any CPU
		{B42060CA-45D6-4524-BEEB-C08267FF0154}.AppStore|x86.ActiveCfg = Debug|Any CPU
		{B42060CA-45D6-4524-BEEB-C08267FF0154}.AppStore|x86.Build.0 = Debug|Any CPU
		{B42060CA-45D6-4524-BEEB-C08267FF0154}.Debug|Any CPU.ActiveCfg = Debug|Any CPU
		{B42060CA-45D6-4524-BEEB-C08267FF0154}.Debug|Any CPU.Build.0 = Debug|Any CPU
		{B42060CA-45D6-4524-BEEB-C08267FF0154}.Debug|ARM.ActiveCfg = Debug|Any CPU
		{B42060CA-45D6-4524-BEEB-C08267FF0154}.Debug|ARM.Build.0 = Debug|Any CPU
		{B42060CA-45D6-4524-BEEB-C08267FF0154}.Debug|iPhone.ActiveCfg = Debug|Any CPU
		{B42060CA-45D6-4524-BEEB-C08267FF0154}.Debug|iPhone.Build.0 = Debug|Any CPU
		{B42060CA-45D6-4524-BEEB-C08267FF0154}.Debug|iPhoneSimulator.ActiveCfg = Debug|Any CPU
		{B42060CA-45D6-4524-BEEB-C08267FF0154}.Debug|iPhoneSimulator.Build.0 = Debug|Any CPU
		{B42060CA-45D6-4524-BEEB-C08267FF0154}.Debug|x64.ActiveCfg = Debug|Any CPU
		{B42060CA-45D6-4524-BEEB-C08267FF0154}.Debug|x64.Build.0 = Debug|Any CPU
		{B42060CA-45D6-4524-BEEB-C08267FF0154}.Debug|x86.ActiveCfg = Debug|Any CPU
		{B42060CA-45D6-4524-BEEB-C08267FF0154}.Debug|x86.Build.0 = Debug|Any CPU
		{B42060CA-45D6-4524-BEEB-C08267FF0154}.iOS Build|Any CPU.ActiveCfg = Debug|Any CPU
		{B42060CA-45D6-4524-BEEB-C08267FF0154}.iOS Build|Any CPU.Build.0 = Debug|Any CPU
		{B42060CA-45D6-4524-BEEB-C08267FF0154}.iOS Build|ARM.ActiveCfg = Debug|Any CPU
		{B42060CA-45D6-4524-BEEB-C08267FF0154}.iOS Build|ARM.Build.0 = Debug|Any CPU
		{B42060CA-45D6-4524-BEEB-C08267FF0154}.iOS Build|iPhone.ActiveCfg = Debug|Any CPU
		{B42060CA-45D6-4524-BEEB-C08267FF0154}.iOS Build|iPhone.Build.0 = Debug|Any CPU
		{B42060CA-45D6-4524-BEEB-C08267FF0154}.iOS Build|iPhoneSimulator.ActiveCfg = Debug|Any CPU
		{B42060CA-45D6-4524-BEEB-C08267FF0154}.iOS Build|iPhoneSimulator.Build.0 = Debug|Any CPU
		{B42060CA-45D6-4524-BEEB-C08267FF0154}.iOS Build|x64.ActiveCfg = Debug|Any CPU
		{B42060CA-45D6-4524-BEEB-C08267FF0154}.iOS Build|x64.Build.0 = Debug|Any CPU
		{B42060CA-45D6-4524-BEEB-C08267FF0154}.iOS Build|x86.ActiveCfg = Debug|Any CPU
		{B42060CA-45D6-4524-BEEB-C08267FF0154}.iOS Build|x86.Build.0 = Debug|Any CPU
		{B42060CA-45D6-4524-BEEB-C08267FF0154}.Release|Any CPU.ActiveCfg = Release|Any CPU
		{B42060CA-45D6-4524-BEEB-C08267FF0154}.Release|Any CPU.Build.0 = Release|Any CPU
		{B42060CA-45D6-4524-BEEB-C08267FF0154}.Release|ARM.ActiveCfg = Release|Any CPU
		{B42060CA-45D6-4524-BEEB-C08267FF0154}.Release|ARM.Build.0 = Release|Any CPU
		{B42060CA-45D6-4524-BEEB-C08267FF0154}.Release|iPhone.ActiveCfg = Release|Any CPU
		{B42060CA-45D6-4524-BEEB-C08267FF0154}.Release|iPhone.Build.0 = Release|Any CPU
		{B42060CA-45D6-4524-BEEB-C08267FF0154}.Release|iPhoneSimulator.ActiveCfg = Release|Any CPU
		{B42060CA-45D6-4524-BEEB-C08267FF0154}.Release|iPhoneSimulator.Build.0 = Release|Any CPU
		{B42060CA-45D6-4524-BEEB-C08267FF0154}.Release|x64.ActiveCfg = Release|Any CPU
		{B42060CA-45D6-4524-BEEB-C08267FF0154}.Release|x64.Build.0 = Release|Any CPU
		{B42060CA-45D6-4524-BEEB-C08267FF0154}.Release|x86.ActiveCfg = Release|Any CPU
		{B42060CA-45D6-4524-BEEB-C08267FF0154}.Release|x86.Build.0 = Release|Any CPU
		{43EFDC19-773F-49DC-BE4D-EC4069EC0C3C}.Ad-Hoc|Any CPU.ActiveCfg = Ad-Hoc|iPhone
		{43EFDC19-773F-49DC-BE4D-EC4069EC0C3C}.Ad-Hoc|ARM.ActiveCfg = Ad-Hoc|iPhone
		{43EFDC19-773F-49DC-BE4D-EC4069EC0C3C}.Ad-Hoc|iPhone.ActiveCfg = Ad-Hoc|iPhone
		{43EFDC19-773F-49DC-BE4D-EC4069EC0C3C}.Ad-Hoc|iPhone.Build.0 = Ad-Hoc|iPhone
		{43EFDC19-773F-49DC-BE4D-EC4069EC0C3C}.Ad-Hoc|iPhoneSimulator.ActiveCfg = Ad-Hoc|iPhoneSimulator
		{43EFDC19-773F-49DC-BE4D-EC4069EC0C3C}.Ad-Hoc|iPhoneSimulator.Build.0 = Ad-Hoc|iPhoneSimulator
		{43EFDC19-773F-49DC-BE4D-EC4069EC0C3C}.Ad-Hoc|x64.ActiveCfg = Ad-Hoc|iPhone
		{43EFDC19-773F-49DC-BE4D-EC4069EC0C3C}.Ad-Hoc|x86.ActiveCfg = Ad-Hoc|iPhone
		{43EFDC19-773F-49DC-BE4D-EC4069EC0C3C}.AppStore|Any CPU.ActiveCfg = AppStore|iPhone
		{43EFDC19-773F-49DC-BE4D-EC4069EC0C3C}.AppStore|ARM.ActiveCfg = AppStore|iPhone
		{43EFDC19-773F-49DC-BE4D-EC4069EC0C3C}.AppStore|iPhone.ActiveCfg = AppStore|iPhone
		{43EFDC19-773F-49DC-BE4D-EC4069EC0C3C}.AppStore|iPhone.Build.0 = AppStore|iPhone
		{43EFDC19-773F-49DC-BE4D-EC4069EC0C3C}.AppStore|iPhoneSimulator.ActiveCfg = AppStore|iPhoneSimulator
		{43EFDC19-773F-49DC-BE4D-EC4069EC0C3C}.AppStore|iPhoneSimulator.Build.0 = AppStore|iPhoneSimulator
		{43EFDC19-773F-49DC-BE4D-EC4069EC0C3C}.AppStore|x64.ActiveCfg = AppStore|iPhone
		{43EFDC19-773F-49DC-BE4D-EC4069EC0C3C}.AppStore|x86.ActiveCfg = AppStore|iPhone
		{43EFDC19-773F-49DC-BE4D-EC4069EC0C3C}.Debug|Any CPU.ActiveCfg = Debug|iPhone
		{43EFDC19-773F-49DC-BE4D-EC4069EC0C3C}.Debug|ARM.ActiveCfg = Debug|iPhone
		{43EFDC19-773F-49DC-BE4D-EC4069EC0C3C}.Debug|iPhone.ActiveCfg = Debug|iPhone
		{43EFDC19-773F-49DC-BE4D-EC4069EC0C3C}.Debug|iPhone.Build.0 = Debug|iPhone
		{43EFDC19-773F-49DC-BE4D-EC4069EC0C3C}.Debug|iPhoneSimulator.ActiveCfg = Debug|iPhoneSimulator
		{43EFDC19-773F-49DC-BE4D-EC4069EC0C3C}.Debug|iPhoneSimulator.Build.0 = Debug|iPhoneSimulator
		{43EFDC19-773F-49DC-BE4D-EC4069EC0C3C}.Debug|x64.ActiveCfg = Debug|iPhone
		{43EFDC19-773F-49DC-BE4D-EC4069EC0C3C}.Debug|x86.ActiveCfg = Debug|iPhone
		{43EFDC19-773F-49DC-BE4D-EC4069EC0C3C}.iOS Build|Any CPU.ActiveCfg = AppStore|iPhone
		{43EFDC19-773F-49DC-BE4D-EC4069EC0C3C}.iOS Build|Any CPU.Build.0 = AppStore|iPhone
		{43EFDC19-773F-49DC-BE4D-EC4069EC0C3C}.iOS Build|ARM.ActiveCfg = AppStore|iPhone
		{43EFDC19-773F-49DC-BE4D-EC4069EC0C3C}.iOS Build|ARM.Build.0 = AppStore|iPhone
		{43EFDC19-773F-49DC-BE4D-EC4069EC0C3C}.iOS Build|iPhone.ActiveCfg = AppStore|iPhone
		{43EFDC19-773F-49DC-BE4D-EC4069EC0C3C}.iOS Build|iPhone.Build.0 = AppStore|iPhone
		{43EFDC19-773F-49DC-BE4D-EC4069EC0C3C}.iOS Build|iPhoneSimulator.ActiveCfg = AppStore|iPhoneSimulator
		{43EFDC19-773F-49DC-BE4D-EC4069EC0C3C}.iOS Build|iPhoneSimulator.Build.0 = AppStore|iPhoneSimulator
		{43EFDC19-773F-49DC-BE4D-EC4069EC0C3C}.iOS Build|x64.ActiveCfg = AppStore|iPhone
		{43EFDC19-773F-49DC-BE4D-EC4069EC0C3C}.iOS Build|x64.Build.0 = AppStore|iPhone
		{43EFDC19-773F-49DC-BE4D-EC4069EC0C3C}.iOS Build|x86.ActiveCfg = AppStore|iPhone
		{43EFDC19-773F-49DC-BE4D-EC4069EC0C3C}.iOS Build|x86.Build.0 = AppStore|iPhone
		{43EFDC19-773F-49DC-BE4D-EC4069EC0C3C}.Release|Any CPU.ActiveCfg = Release|iPhone
		{43EFDC19-773F-49DC-BE4D-EC4069EC0C3C}.Release|ARM.ActiveCfg = Release|iPhone
		{43EFDC19-773F-49DC-BE4D-EC4069EC0C3C}.Release|iPhone.ActiveCfg = Release|iPhone
		{43EFDC19-773F-49DC-BE4D-EC4069EC0C3C}.Release|iPhone.Build.0 = Release|iPhone
		{43EFDC19-773F-49DC-BE4D-EC4069EC0C3C}.Release|iPhoneSimulator.ActiveCfg = Release|iPhoneSimulator
		{43EFDC19-773F-49DC-BE4D-EC4069EC0C3C}.Release|iPhoneSimulator.Build.0 = Release|iPhoneSimulator
		{43EFDC19-773F-49DC-BE4D-EC4069EC0C3C}.Release|x64.ActiveCfg = Release|iPhone
		{43EFDC19-773F-49DC-BE4D-EC4069EC0C3C}.Release|x86.ActiveCfg = Release|iPhone
		{E90DEDAC-C212-4872-9A2E-7A57C8701940}.Ad-Hoc|Any CPU.ActiveCfg = Release|Any CPU
		{E90DEDAC-C212-4872-9A2E-7A57C8701940}.Ad-Hoc|Any CPU.Build.0 = Release|Any CPU
		{E90DEDAC-C212-4872-9A2E-7A57C8701940}.Ad-Hoc|Any CPU.Deploy.0 = Release|Any CPU
		{E90DEDAC-C212-4872-9A2E-7A57C8701940}.Ad-Hoc|ARM.ActiveCfg = Release|Any CPU
		{E90DEDAC-C212-4872-9A2E-7A57C8701940}.Ad-Hoc|ARM.Build.0 = Release|Any CPU
		{E90DEDAC-C212-4872-9A2E-7A57C8701940}.Ad-Hoc|ARM.Deploy.0 = Release|Any CPU
		{E90DEDAC-C212-4872-9A2E-7A57C8701940}.Ad-Hoc|iPhone.ActiveCfg = Release|Any CPU
		{E90DEDAC-C212-4872-9A2E-7A57C8701940}.Ad-Hoc|iPhone.Build.0 = Release|Any CPU
		{E90DEDAC-C212-4872-9A2E-7A57C8701940}.Ad-Hoc|iPhone.Deploy.0 = Release|Any CPU
		{E90DEDAC-C212-4872-9A2E-7A57C8701940}.Ad-Hoc|iPhoneSimulator.ActiveCfg = Release|Any CPU
		{E90DEDAC-C212-4872-9A2E-7A57C8701940}.Ad-Hoc|iPhoneSimulator.Build.0 = Release|Any CPU
		{E90DEDAC-C212-4872-9A2E-7A57C8701940}.Ad-Hoc|iPhoneSimulator.Deploy.0 = Release|Any CPU
		{E90DEDAC-C212-4872-9A2E-7A57C8701940}.Ad-Hoc|x64.ActiveCfg = Release|Any CPU
		{E90DEDAC-C212-4872-9A2E-7A57C8701940}.Ad-Hoc|x64.Build.0 = Release|Any CPU
		{E90DEDAC-C212-4872-9A2E-7A57C8701940}.Ad-Hoc|x64.Deploy.0 = Release|Any CPU
		{E90DEDAC-C212-4872-9A2E-7A57C8701940}.Ad-Hoc|x86.ActiveCfg = Release|Any CPU
		{E90DEDAC-C212-4872-9A2E-7A57C8701940}.Ad-Hoc|x86.Build.0 = Release|Any CPU
		{E90DEDAC-C212-4872-9A2E-7A57C8701940}.Ad-Hoc|x86.Deploy.0 = Release|Any CPU
		{E90DEDAC-C212-4872-9A2E-7A57C8701940}.AppStore|Any CPU.ActiveCfg = Release|Any CPU
		{E90DEDAC-C212-4872-9A2E-7A57C8701940}.AppStore|Any CPU.Build.0 = Release|Any CPU
		{E90DEDAC-C212-4872-9A2E-7A57C8701940}.AppStore|Any CPU.Deploy.0 = Release|Any CPU
		{E90DEDAC-C212-4872-9A2E-7A57C8701940}.AppStore|ARM.ActiveCfg = Release|Any CPU
		{E90DEDAC-C212-4872-9A2E-7A57C8701940}.AppStore|ARM.Build.0 = Release|Any CPU
		{E90DEDAC-C212-4872-9A2E-7A57C8701940}.AppStore|ARM.Deploy.0 = Release|Any CPU
		{E90DEDAC-C212-4872-9A2E-7A57C8701940}.AppStore|iPhone.ActiveCfg = Release|Any CPU
		{E90DEDAC-C212-4872-9A2E-7A57C8701940}.AppStore|iPhone.Build.0 = Release|Any CPU
		{E90DEDAC-C212-4872-9A2E-7A57C8701940}.AppStore|iPhone.Deploy.0 = Release|Any CPU
		{E90DEDAC-C212-4872-9A2E-7A57C8701940}.AppStore|iPhoneSimulator.ActiveCfg = Release|Any CPU
		{E90DEDAC-C212-4872-9A2E-7A57C8701940}.AppStore|iPhoneSimulator.Build.0 = Release|Any CPU
		{E90DEDAC-C212-4872-9A2E-7A57C8701940}.AppStore|iPhoneSimulator.Deploy.0 = Release|Any CPU
		{E90DEDAC-C212-4872-9A2E-7A57C8701940}.AppStore|x64.ActiveCfg = Release|Any CPU
		{E90DEDAC-C212-4872-9A2E-7A57C8701940}.AppStore|x64.Build.0 = Release|Any CPU
		{E90DEDAC-C212-4872-9A2E-7A57C8701940}.AppStore|x64.Deploy.0 = Release|Any CPU
		{E90DEDAC-C212-4872-9A2E-7A57C8701940}.AppStore|x86.ActiveCfg = Release|Any CPU
		{E90DEDAC-C212-4872-9A2E-7A57C8701940}.AppStore|x86.Build.0 = Release|Any CPU
		{E90DEDAC-C212-4872-9A2E-7A57C8701940}.AppStore|x86.Deploy.0 = Release|Any CPU
		{E90DEDAC-C212-4872-9A2E-7A57C8701940}.Debug|Any CPU.ActiveCfg = Debug|Any CPU
		{E90DEDAC-C212-4872-9A2E-7A57C8701940}.Debug|Any CPU.Build.0 = Debug|Any CPU
		{E90DEDAC-C212-4872-9A2E-7A57C8701940}.Debug|Any CPU.Deploy.0 = Debug|Any CPU
		{E90DEDAC-C212-4872-9A2E-7A57C8701940}.Debug|ARM.ActiveCfg = Debug|Any CPU
		{E90DEDAC-C212-4872-9A2E-7A57C8701940}.Debug|ARM.Build.0 = Debug|Any CPU
		{E90DEDAC-C212-4872-9A2E-7A57C8701940}.Debug|ARM.Deploy.0 = Debug|Any CPU
		{E90DEDAC-C212-4872-9A2E-7A57C8701940}.Debug|iPhone.ActiveCfg = Debug|Any CPU
		{E90DEDAC-C212-4872-9A2E-7A57C8701940}.Debug|iPhone.Build.0 = Debug|Any CPU
		{E90DEDAC-C212-4872-9A2E-7A57C8701940}.Debug|iPhone.Deploy.0 = Debug|Any CPU
		{E90DEDAC-C212-4872-9A2E-7A57C8701940}.Debug|iPhoneSimulator.ActiveCfg = Debug|Any CPU
		{E90DEDAC-C212-4872-9A2E-7A57C8701940}.Debug|iPhoneSimulator.Build.0 = Debug|Any CPU
		{E90DEDAC-C212-4872-9A2E-7A57C8701940}.Debug|iPhoneSimulator.Deploy.0 = Debug|Any CPU
		{E90DEDAC-C212-4872-9A2E-7A57C8701940}.Debug|x64.ActiveCfg = Debug|Any CPU
		{E90DEDAC-C212-4872-9A2E-7A57C8701940}.Debug|x64.Build.0 = Debug|Any CPU
		{E90DEDAC-C212-4872-9A2E-7A57C8701940}.Debug|x64.Deploy.0 = Debug|Any CPU
		{E90DEDAC-C212-4872-9A2E-7A57C8701940}.Debug|x86.ActiveCfg = Debug|Any CPU
		{E90DEDAC-C212-4872-9A2E-7A57C8701940}.Debug|x86.Build.0 = Debug|Any CPU
		{E90DEDAC-C212-4872-9A2E-7A57C8701940}.Debug|x86.Deploy.0 = Debug|Any CPU
		{E90DEDAC-C212-4872-9A2E-7A57C8701940}.iOS Build|Any CPU.ActiveCfg = Release|Any CPU
		{E90DEDAC-C212-4872-9A2E-7A57C8701940}.iOS Build|Any CPU.Build.0 = Release|Any CPU
		{E90DEDAC-C212-4872-9A2E-7A57C8701940}.iOS Build|Any CPU.Deploy.0 = Release|Any CPU
		{E90DEDAC-C212-4872-9A2E-7A57C8701940}.iOS Build|ARM.ActiveCfg = Release|Any CPU
		{E90DEDAC-C212-4872-9A2E-7A57C8701940}.iOS Build|ARM.Build.0 = Release|Any CPU
		{E90DEDAC-C212-4872-9A2E-7A57C8701940}.iOS Build|ARM.Deploy.0 = Release|Any CPU
		{E90DEDAC-C212-4872-9A2E-7A57C8701940}.iOS Build|iPhone.ActiveCfg = Release|Any CPU
		{E90DEDAC-C212-4872-9A2E-7A57C8701940}.iOS Build|iPhone.Build.0 = Release|Any CPU
		{E90DEDAC-C212-4872-9A2E-7A57C8701940}.iOS Build|iPhone.Deploy.0 = Release|Any CPU
		{E90DEDAC-C212-4872-9A2E-7A57C8701940}.iOS Build|iPhoneSimulator.ActiveCfg = Release|Any CPU
		{E90DEDAC-C212-4872-9A2E-7A57C8701940}.iOS Build|iPhoneSimulator.Build.0 = Release|Any CPU
		{E90DEDAC-C212-4872-9A2E-7A57C8701940}.iOS Build|iPhoneSimulator.Deploy.0 = Release|Any CPU
		{E90DEDAC-C212-4872-9A2E-7A57C8701940}.iOS Build|x64.ActiveCfg = Release|Any CPU
		{E90DEDAC-C212-4872-9A2E-7A57C8701940}.iOS Build|x64.Build.0 = Release|Any CPU
		{E90DEDAC-C212-4872-9A2E-7A57C8701940}.iOS Build|x64.Deploy.0 = Release|Any CPU
		{E90DEDAC-C212-4872-9A2E-7A57C8701940}.iOS Build|x86.ActiveCfg = Release|Any CPU
		{E90DEDAC-C212-4872-9A2E-7A57C8701940}.iOS Build|x86.Build.0 = Release|Any CPU
		{E90DEDAC-C212-4872-9A2E-7A57C8701940}.iOS Build|x86.Deploy.0 = Release|Any CPU
		{E90DEDAC-C212-4872-9A2E-7A57C8701940}.Release|Any CPU.ActiveCfg = Release|Any CPU
		{E90DEDAC-C212-4872-9A2E-7A57C8701940}.Release|Any CPU.Build.0 = Release|Any CPU
		{E90DEDAC-C212-4872-9A2E-7A57C8701940}.Release|Any CPU.Deploy.0 = Release|Any CPU
		{E90DEDAC-C212-4872-9A2E-7A57C8701940}.Release|ARM.ActiveCfg = Release|Any CPU
		{E90DEDAC-C212-4872-9A2E-7A57C8701940}.Release|ARM.Build.0 = Release|Any CPU
		{E90DEDAC-C212-4872-9A2E-7A57C8701940}.Release|ARM.Deploy.0 = Release|Any CPU
		{E90DEDAC-C212-4872-9A2E-7A57C8701940}.Release|iPhone.ActiveCfg = Release|Any CPU
		{E90DEDAC-C212-4872-9A2E-7A57C8701940}.Release|iPhone.Build.0 = Release|Any CPU
		{E90DEDAC-C212-4872-9A2E-7A57C8701940}.Release|iPhone.Deploy.0 = Release|Any CPU
		{E90DEDAC-C212-4872-9A2E-7A57C8701940}.Release|iPhoneSimulator.ActiveCfg = Release|Any CPU
		{E90DEDAC-C212-4872-9A2E-7A57C8701940}.Release|iPhoneSimulator.Build.0 = Release|Any CPU
		{E90DEDAC-C212-4872-9A2E-7A57C8701940}.Release|iPhoneSimulator.Deploy.0 = Release|Any CPU
		{E90DEDAC-C212-4872-9A2E-7A57C8701940}.Release|x64.ActiveCfg = Release|Any CPU
		{E90DEDAC-C212-4872-9A2E-7A57C8701940}.Release|x64.Build.0 = Release|Any CPU
		{E90DEDAC-C212-4872-9A2E-7A57C8701940}.Release|x64.Deploy.0 = Release|Any CPU
		{E90DEDAC-C212-4872-9A2E-7A57C8701940}.Release|x86.ActiveCfg = Release|Any CPU
		{E90DEDAC-C212-4872-9A2E-7A57C8701940}.Release|x86.Build.0 = Release|Any CPU
		{E90DEDAC-C212-4872-9A2E-7A57C8701940}.Release|x86.Deploy.0 = Release|Any CPU
	EndGlobalSection
	GlobalSection(SolutionProperties) = preSolution
		HideSolutionNode = FALSE
	EndGlobalSection
	GlobalSection(ExtensibilityGlobals) = postSolution
		SolutionGuid = {D3E87934-CED8-40F9-AA4A-1EC21D649967}
	EndGlobalSection
EndGlobal
